
Microsoft Visual Studio Solution File, Format Version 12.00
# Visual Studio Version 17
VisualStudioVersion = 17.2.32526.322
MinimumVisualStudioVersion = 10.0.40219.1
Project("{FAE04EC0-301F-11D3-BF4B-00C04F79EFBC}") = "WindowsFormsApp1", "WindowsFormsApp1.csproj", "{53014C4B-E3FA-4EAB-89B6-7453A945CE6E}"
EndProject
Global
	GlobalSection(SolutionConfigurationPlatforms) = preSolution
		Debug|Any CPU = Debug|Any CPU
		Release|Any CPU = Release|Any CPU
	EndGlobalSection
	GlobalSection(ProjectConfigurationPlatforms) = postSolution
		{53014C4B-E3FA-4EAB-89B6-7453A945CE6E}.Debug|Any CPU.ActiveCfg = Debug|Any CPU
		{53014C4B-E3FA-4EAB-89B6-7453A945CE6E}.Debug|Any CPU.Build.0 = Debug|Any CPU
		{53014C4B-E3FA-4EAB-89B6-7453A945CE6E}.Release|Any CPU.ActiveCfg = Release|Any CPU
		{53014C4B-E3FA-4EAB-89B6-7453A945CE6E}.Release|Any CPU.Build.0 = Release|Any CPU
	EndGlobalSection
	GlobalSection(SolutionProperties) = preSolution
		HideSolutionNode = FALSE
	EndGlobalSection
	GlobalSection(ExtensibilityGlobals) = postSolution
		SolutionGuid = {754B4272-6691-4F7A-B231-232D936D1FEE}
	EndGlobalSection
EndGlobal
